// !$*UTF8*$!
{
	archiveVersion = 1;
	classes = {
	};
	objectVersion = 77;
	objects = {

/* Begin PBXBuildFile section */
		0775B37D4B46E83D18A305E4 /* WorkoutModels.swift in Sources */ = {isa = PBXBuildFile; fileRef = B0C8C5442F689BF42B256415 /* WorkoutModels.swift */; };
		13DFAAB211523827673E9FC2 /* Assets.xcassets in Resources */ = {isa = PBXBuildFile; fileRef = FD04DB66037F6634929F7261 /* Assets.xcassets */; };
		18B45D4F51DF46A80079A4E3 /* WelcomeView.swift in Sources */ = {isa = PBXBuildFile; fileRef = F991D5668E1A543D5415BEDA /* WelcomeView.swift */; };
		22785201E224790D774E3207 /* FigureTests.swift in Sources */ = {isa = PBXBuildFile; fileRef = BC1EC70AFE07580C969DBA30 /* FigureTests.swift */; };
		249486058AFA91D9691DEC64 /* RootView.swift in Sources */ = {isa = PBXBuildFile; fileRef = 275E12EC9903298E9A163EB2 /* RootView.swift */; };
		28BA0AD3C125A8B19C57AEC5 /* PoseSolverTests.swift in Sources */ = {isa = PBXBuildFile; fileRef = 179AA6BCA23CF12EA0AD73E7 /* PoseSolverTests.swift */; };
		2A8480EDE58F1D2C06CCDA25 /* TestSupport.swift in Sources */ = {isa = PBXBuildFile; fileRef = 51717F755A0EFD4E1628D18A /* TestSupport.swift */; };
		300AF008AB32927D1187AC5A /* NotificationScheduler.swift in Sources */ = {isa = PBXBuildFile; fileRef = BDB67B8640388D5D3B3F15A8 /* NotificationScheduler.swift */; };
		37DC5E5F776125649179258F /* FigureProjection.swift in Sources */ = {isa = PBXBuildFile; fileRef = 3694EB6D9CA09D5E38C3A7FB /* FigureProjection.swift */; };
		39D031285B63221A324E1CCF /* ProgressVisualTests.swift in Sources */ = {isa = PBXBuildFile; fileRef = 897F8C66C556AF9572C13734 /* ProgressVisualTests.swift */; };
		54A6FD16007114F11E341AA9 /* FastAbsApp.swift in Sources */ = {isa = PBXBuildFile; fileRef = FEDFCC2CA07C3E31DB9CED15 /* FastAbsApp.swift */; };
		59B58ABC4C2EB484D9CD29F7 /* VisualTestSupport.swift in Sources */ = {isa = PBXBuildFile; fileRef = 954461D436E97287C3CE12C4 /* VisualTestSupport.swift */; };
		59BC7AA6B5D7AF2B3256AFF5 /* WorkoutExperienceTests.swift in Sources */ = {isa = PBXBuildFile; fileRef = 203276C2FC8588B695C4C372 /* WorkoutExperienceTests.swift */; };
		62BEDAE709884FCC61B8E5E6 /* RewardsEngine.swift in Sources */ = {isa = PBXBuildFile; fileRef = C9A9BC3CB7EC794833FDE9ED /* RewardsEngine.swift */; };
		69AA899348F99D1B9798693D /* FrenchCopyTests.swift in Sources */ = {isa = PBXBuildFile; fileRef = 9965B366C27C5834E476A05C /* FrenchCopyTests.swift */; };
		7089B01232D00F32C25C60FB /* FigureStyle.swift in Sources */ = {isa = PBXBuildFile; fileRef = 097C4A678AF847A9CBFEE88E /* FigureStyle.swift */; };
		744164288291C36F24FDC202 /* WorkoutEngineTests.swift in Sources */ = {isa = PBXBuildFile; fileRef = 18DA98ABDF2289EDF4F25E8A /* WorkoutEngineTests.swift */; };
		815C639D3BAFB8017E7852A6 /* MotionLibrary.swift in Sources */ = {isa = PBXBuildFile; fileRef = 24B2ED897FF759606A68B5E6 /* MotionLibrary.swift */; };
		830D86021B614EC722B454AE /* WorkoutEngine.swift in Sources */ = {isa = PBXBuildFile; fileRef = 1181BB055B967C5810C3367A /* WorkoutEngine.swift */; };
		95C9A867E786F99083122B5C /* WorkoutInvariantTests.swift in Sources */ = {isa = PBXBuildFile; fileRef = 05F6903DFE700E389DCCE394 /* WorkoutInvariantTests.swift */; };
		9B90D702CE99EC32DCAC5216 /* CompletionView.swift in Sources */ = {isa = PBXBuildFile; fileRef = 9D40CE65711FF19D8A88D59F /* CompletionView.swift */; };
		9F3C8930C77C202AD1792B16 /* WorkoutHistoryAnalytics.swift in Sources */ = {isa = PBXBuildFile; fileRef = FAE820AD6D7A6EEEC2322949 /* WorkoutHistoryAnalytics.swift */; };
		9F97ADCC06B11C98FE92EA08 /* MotionTempoTests.swift in Sources */ = {isa = PBXBuildFile; fileRef = 9C1CEA9B12ADFA23C0B67BDD /* MotionTempoTests.swift */; };
		9FC8B013DD3C5F2C852DBE98 /* SettingsView.swift in Sources */ = {isa = PBXBuildFile; fileRef = E9F8581408FFFBEECE2496A1 /* SettingsView.swift */; };
		A0D73DAAEE4F04E7D73F1577 /* ProgressView.swift in Sources */ = {isa = PBXBuildFile; fileRef = 3B1900A5D40BE394CA099CBC /* ProgressView.swift */; };
		B1EAAA2A1EF8EF0B6DDFB25A /* RewardsView.swift in Sources */ = {isa = PBXBuildFile; fileRef = 034675CFDDC40DD1591A0182 /* RewardsView.swift */; };
		B477EB95263CD355DBC14427 /* WorkoutFeedback.swift in Sources */ = {isa = PBXBuildFile; fileRef = 3B10D7593EDB0EFA5703CCEB /* WorkoutFeedback.swift */; };
		B90A6D6D25BEB100EFE8AE3A /* Skeleton.swift in Sources */ = {isa = PBXBuildFile; fileRef = 741E83239F9C99822EBF20AE /* Skeleton.swift */; };
		B9840D7E7366637451623833 /* ExerciseMotionView.swift in Sources */ = {isa = PBXBuildFile; fileRef = 4656D8AFFB2CCCDD9453E3AA /* ExerciseMotionView.swift */; };
		BB30C1EAB44BAEA64EEC22C6 /* MotionTempo.swift in Sources */ = {isa = PBXBuildFile; fileRef = 285D1A8AEBC5BF40D2BDB123 /* MotionTempo.swift */; };
		BDEBBFB7F6E384A233EF407F /* BadgeVisualTests.swift in Sources */ = {isa = PBXBuildFile; fileRef = D6BCFBA987EAABE0D90D22AE /* BadgeVisualTests.swift */; };
		BE4AA46D5C26B142027E9D8C /* AppModel.swift in Sources */ = {isa = PBXBuildFile; fileRef = FB3E1862448AD621D2598878 /* AppModel.swift */; };
		C03FDA1B3FE73A2A7EFF799B /* MuscleActivation.swift in Sources */ = {isa = PBXBuildFile; fileRef = 9ABD60FCE8C5457088990855 /* MuscleActivation.swift */; };
		C3301734709FDD103A0FF93B /* ExerciseCatalog.swift in Sources */ = {isa = PBXBuildFile; fileRef = B4FACEE0AEFD0C648395F9C3 /* ExerciseCatalog.swift */; };
		D17886C8EA90F1336A3F3D63 /* WorkoutView.swift in Sources */ = {isa = PBXBuildFile; fileRef = F329FC583BA138BF3A5F43AC /* WorkoutView.swift */; };
		DCF6D52DF15BF11138E0801E /* RewardsEngineTests.swift in Sources */ = {isa = PBXBuildFile; fileRef = 3AE12B091F10DCD34CDEE8CD /* RewardsEngineTests.swift */; };
		DD6C534A65AAC071B59DF8EE /* MuscleActivationTests.swift in Sources */ = {isa = PBXBuildFile; fileRef = 79F630FBF063613F88647C32 /* MuscleActivationTests.swift */; };
		E9A78D0F160B79DAD3FB1CFC /* MotionSystemTests.swift in Sources */ = {isa = PBXBuildFile; fileRef = 76AC4E5B09C7E0217532F9B7 /* MotionSystemTests.swift */; };
		ECB68F0E806FFCDBEB036930 /* CustomizationView.swift in Sources */ = {isa = PBXBuildFile; fileRef = 02BC7BA434DE1444FDE40CDF /* CustomizationView.swift */; };
		ED6E61206617B2A2B90A918F /* Theme.swift in Sources */ = {isa = PBXBuildFile; fileRef = 3FDEB5FAEC80C1A915752120 /* Theme.swift */; };
		F643D4D05243E54AFB004D43 /* ExerciseCatalogTests.swift in Sources */ = {isa = PBXBuildFile; fileRef = 0A20626BE493ACC4D55783AA /* ExerciseCatalogTests.swift */; };
		FABD6932895309147510F632 /* TodayView.swift in Sources */ = {isa = PBXBuildFile; fileRef = C05EC6076FC3E65EFA093649 /* TodayView.swift */; };
		FAF33BD054D0E008D16B2038 /* PrivacyInfo.xcprivacy in Resources */ = {isa = PBXBuildFile; fileRef = 521F2881C7116AD036EE6B45 /* PrivacyInfo.xcprivacy */; };
		FF9099FFE2CF7FF2CEE9B3B0 /* WorkoutSession.swift in Sources */ = {isa = PBXBuildFile; fileRef = 8DF8A4C2548B1541C0F636B7 /* WorkoutSession.swift */; };
		87661A525B671A91926699D1 /* ExerciseLibraryView.swift in Sources */ = {isa = PBXBuildFile; fileRef = DE7F36EDD389397B59B7083C /* ExerciseLibraryView.swift */; };
		E35145385FB6EE816709D51C /* StartupCostTests.swift in Sources */ = {isa = PBXBuildFile; fileRef = 0753973DBB0C09D2C9E7D2D5 /* StartupCostTests.swift */; };
		9DF9856D105DE309FC16349C /* Haptics.swift in Sources */ = {isa = PBXBuildFile; fileRef = 441BF1F4AA9371444B302FE2 /* Haptics.swift */; };
		0BB17402921D4E2E205E021F /* WorkoutSessionTests.swift in Sources */ = {isa = PBXBuildFile; fileRef = 491C076B54B11B8D2D22332F /* WorkoutSessionTests.swift */; };
		8DB54D4A59BF8516BF6C7248 /* WorkoutPlaylist.swift in Sources */ = {isa = PBXBuildFile; fileRef = 844F2B6B6459D69341159F3B /* WorkoutPlaylist.swift */; };
		4D21497470B08DC00AA27458 /* MotionContactSheet.swift in Sources */ = {isa = PBXBuildFile; fileRef = 535A36AB8E425BDB7DE04AB0 /* MotionContactSheet.swift */; };
		592D5C24A66F44869D6E826B /* AchievementBadgeView.swift in Sources */ = {isa = PBXBuildFile; fileRef = 9AC85BF632D91292F825536C /* AchievementBadgeView.swift */; };
/* End PBXBuildFile section */

/* Begin PBXContainerItemProxy section */
		829278F386F0CE8CC76B06D4 /* PBXContainerItemProxy */ = {
			isa = PBXContainerItemProxy;
			containerPortal = CB5B4E8C75B46104B3A17CDB /* Project object */;
			proxyType = 1;
			remoteGlobalIDString = 2A765F47917EE107FF3FA8A1;
			remoteInfo = FastAbs;
		};
/* End PBXContainerItemProxy section */

/* Begin PBXFileReference section */
		010472D3BCBD9B220749706A /* FastAbsTests.xctest */ = {isa = PBXFileReference; includeInIndex = 0; lastKnownFileType = wrapper.cfbundle; path = FastAbsTests.xctest; sourceTree = BUILT_PRODUCTS_DIR; };
		02BC7BA434DE1444FDE40CDF /* CustomizationView.swift */ = {isa = PBXFileReference; lastKnownFileType = sourcecode.swift; path = CustomizationView.swift; sourceTree = "<group>"; };
		034675CFDDC40DD1591A0182 /* RewardsView.swift */ = {isa = PBXFileReference; lastKnownFileType = sourcecode.swift; path = RewardsView.swift; sourceTree = "<group>"; };
		05F6903DFE700E389DCCE394 /* WorkoutInvariantTests.swift */ = {isa = PBXFileReference; lastKnownFileType = sourcecode.swift; path = WorkoutInvariantTests.swift; sourceTree = "<group>"; };
		097C4A678AF847A9CBFEE88E /* FigureStyle.swift */ = {isa = PBXFileReference; lastKnownFileType = sourcecode.swift; path = FigureStyle.swift; sourceTree = "<group>"; };
		0A20626BE493ACC4D55783AA /* ExerciseCatalogTests.swift */ = {isa = PBXFileReference; lastKnownFileType = sourcecode.swift; path = ExerciseCatalogTests.swift; sourceTree = "<group>"; };
		1181BB055B967C5810C3367A /* WorkoutEngine.swift */ = {isa = PBXFileReference; lastKnownFileType = sourcecode.swift; path = WorkoutEngine.swift; sourceTree = "<group>"; };
		179AA6BCA23CF12EA0AD73E7 /* PoseSolverTests.swift */ = {isa = PBXFileReference; lastKnownFileType = sourcecode.swift; path = PoseSolverTests.swift; sourceTree = "<group>"; };
		18DA98ABDF2289EDF4F25E8A /* WorkoutEngineTests.swift */ = {isa = PBXFileReference; lastKnownFileType = sourcecode.swift; path = WorkoutEngineTests.swift; sourceTree = "<group>"; };
		203276C2FC8588B695C4C372 /* WorkoutExperienceTests.swift */ = {isa = PBXFileReference; lastKnownFileType = sourcecode.swift; path = WorkoutExperienceTests.swift; sourceTree = "<group>"; };
		24B2ED897FF759606A68B5E6 /* MotionLibrary.swift */ = {isa = PBXFileReference; lastKnownFileType = sourcecode.swift; path = MotionLibrary.swift; sourceTree = "<group>"; };
		275E12EC9903298E9A163EB2 /* RootView.swift */ = {isa = PBXFileReference; lastKnownFileType = sourcecode.swift; path = RootView.swift; sourceTree = "<group>"; };
		285D1A8AEBC5BF40D2BDB123 /* MotionTempo.swift */ = {isa = PBXFileReference; lastKnownFileType = sourcecode.swift; path = MotionTempo.swift; sourceTree = "<group>"; };
		3694EB6D9CA09D5E38C3A7FB /* FigureProjection.swift */ = {isa = PBXFileReference; lastKnownFileType = sourcecode.swift; path = FigureProjection.swift; sourceTree = "<group>"; };
		3AE12B091F10DCD34CDEE8CD /* RewardsEngineTests.swift */ = {isa = PBXFileReference; lastKnownFileType = sourcecode.swift; path = RewardsEngineTests.swift; sourceTree = "<group>"; };
		3B10D7593EDB0EFA5703CCEB /* WorkoutFeedback.swift */ = {isa = PBXFileReference; lastKnownFileType = sourcecode.swift; path = WorkoutFeedback.swift; sourceTree = "<group>"; };
		3B1900A5D40BE394CA099CBC /* ProgressView.swift */ = {isa = PBXFileReference; lastKnownFileType = sourcecode.swift; path = ProgressView.swift; sourceTree = "<group>"; };
		3FDEB5FAEC80C1A915752120 /* Theme.swift */ = {isa = PBXFileReference; lastKnownFileType = sourcecode.swift; path = Theme.swift; sourceTree = "<group>"; };
		4656D8AFFB2CCCDD9453E3AA /* ExerciseMotionView.swift */ = {isa = PBXFileReference; lastKnownFileType = sourcecode.swift; path = ExerciseMotionView.swift; sourceTree = "<group>"; };
		51717F755A0EFD4E1628D18A /* TestSupport.swift */ = {isa = PBXFileReference; lastKnownFileType = sourcecode.swift; path = TestSupport.swift; sourceTree = "<group>"; };
		521F2881C7116AD036EE6B45 /* PrivacyInfo.xcprivacy */ = {isa = PBXFileReference; lastKnownFileType = text.xml; path = PrivacyInfo.xcprivacy; sourceTree = "<group>"; };
		741E83239F9C99822EBF20AE /* Skeleton.swift */ = {isa = PBXFileReference; lastKnownFileType = sourcecode.swift; path = Skeleton.swift; sourceTree = "<group>"; };
		76AC4E5B09C7E0217532F9B7 /* MotionSystemTests.swift */ = {isa = PBXFileReference; lastKnownFileType = sourcecode.swift; path = MotionSystemTests.swift; sourceTree = "<group>"; };
		79F630FBF063613F88647C32 /* MuscleActivationTests.swift */ = {isa = PBXFileReference; lastKnownFileType = sourcecode.swift; path = MuscleActivationTests.swift; sourceTree = "<group>"; };
		84AD6BC45F55225A4E00CCDC /* Info.plist */ = {isa = PBXFileReference; lastKnownFileType = text.plist; path = Info.plist; sourceTree = "<group>"; };
		897F8C66C556AF9572C13734 /* ProgressVisualTests.swift */ = {isa = PBXFileReference; lastKnownFileType = sourcecode.swift; path = ProgressVisualTests.swift; sourceTree = "<group>"; };
		8DF8A4C2548B1541C0F636B7 /* WorkoutSession.swift */ = {isa = PBXFileReference; lastKnownFileType = sourcecode.swift; path = WorkoutSession.swift; sourceTree = "<group>"; };
		954461D436E97287C3CE12C4 /* VisualTestSupport.swift */ = {isa = PBXFileReference; lastKnownFileType = sourcecode.swift; path = VisualTestSupport.swift; sourceTree = "<group>"; };
		9965B366C27C5834E476A05C /* FrenchCopyTests.swift */ = {isa = PBXFileReference; lastKnownFileType = sourcecode.swift; path = FrenchCopyTests.swift; sourceTree = "<group>"; };
		9ABD60FCE8C5457088990855 /* MuscleActivation.swift */ = {isa = PBXFileReference; lastKnownFileType = sourcecode.swift; path = MuscleActivation.swift; sourceTree = "<group>"; };
		9C1CEA9B12ADFA23C0B67BDD /* MotionTempoTests.swift */ = {isa = PBXFileReference; lastKnownFileType = sourcecode.swift; path = MotionTempoTests.swift; sourceTree = "<group>"; };
		9D40CE65711FF19D8A88D59F /* CompletionView.swift */ = {isa = PBXFileReference; lastKnownFileType = sourcecode.swift; path = CompletionView.swift; sourceTree = "<group>"; };
		B0C8C5442F689BF42B256415 /* WorkoutModels.swift */ = {isa = PBXFileReference; lastKnownFileType = sourcecode.swift; path = WorkoutModels.swift; sourceTree = "<group>"; };
		B2BE4CF9C7F23D904AF14C88 /* FastAbs.app */ = {isa = PBXFileReference; explicitFileType = wrapper.application; includeInIndex = 0; path = FastAbs.app; sourceTree = BUILT_PRODUCTS_DIR; };
		B4FACEE0AEFD0C648395F9C3 /* ExerciseCatalog.swift */ = {isa = PBXFileReference; lastKnownFileType = sourcecode.swift; path = ExerciseCatalog.swift; sourceTree = "<group>"; };
		BC1EC70AFE07580C969DBA30 /* FigureTests.swift */ = {isa = PBXFileReference; lastKnownFileType = sourcecode.swift; path = FigureTests.swift; sourceTree = "<group>"; };
		BDB67B8640388D5D3B3F15A8 /* NotificationScheduler.swift */ = {isa = PBXFileReference; lastKnownFileType = sourcecode.swift; path = NotificationScheduler.swift; sourceTree = "<group>"; };
		C05EC6076FC3E65EFA093649 /* TodayView.swift */ = {isa = PBXFileReference; lastKnownFileType = sourcecode.swift; path = TodayView.swift; sourceTree = "<group>"; };
		C9A9BC3CB7EC794833FDE9ED /* RewardsEngine.swift */ = {isa = PBXFileReference; lastKnownFileType = sourcecode.swift; path = RewardsEngine.swift; sourceTree = "<group>"; };
		D6BCFBA987EAABE0D90D22AE /* BadgeVisualTests.swift */ = {isa = PBXFileReference; lastKnownFileType = sourcecode.swift; path = BadgeVisualTests.swift; sourceTree = "<group>"; };
		E9F8581408FFFBEECE2496A1 /* SettingsView.swift */ = {isa = PBXFileReference; lastKnownFileType = sourcecode.swift; path = SettingsView.swift; sourceTree = "<group>"; };
		F329FC583BA138BF3A5F43AC /* WorkoutView.swift */ = {isa = PBXFileReference; lastKnownFileType = sourcecode.swift; path = WorkoutView.swift; sourceTree = "<group>"; };
		F991D5668E1A543D5415BEDA /* WelcomeView.swift */ = {isa = PBXFileReference; lastKnownFileType = sourcecode.swift; path = WelcomeView.swift; sourceTree = "<group>"; };
		FAE820AD6D7A6EEEC2322949 /* WorkoutHistoryAnalytics.swift */ = {isa = PBXFileReference; lastKnownFileType = sourcecode.swift; path = WorkoutHistoryAnalytics.swift; sourceTree = "<group>"; };
		FB3E1862448AD621D2598878 /* AppModel.swift */ = {isa = PBXFileReference; lastKnownFileType = sourcecode.swift; path = AppModel.swift; sourceTree = "<group>"; };
		FD04DB66037F6634929F7261 /* Assets.xcassets */ = {isa = PBXFileReference; lastKnownFileType = folder.assetcatalog; path = Assets.xcassets; sourceTree = "<group>"; };
		FEDFCC2CA07C3E31DB9CED15 /* FastAbsApp.swift */ = {isa = PBXFileReference; lastKnownFileType = sourcecode.swift; path = FastAbsApp.swift; sourceTree = "<group>"; };
		DE7F36EDD389397B59B7083C /* ExerciseLibraryView.swift */ = {isa = PBXFileReference; lastKnownFileType = sourcecode.swift; path = ExerciseLibraryView.swift; sourceTree = "<group>"; };
		0753973DBB0C09D2C9E7D2D5 /* StartupCostTests.swift */ = {isa = PBXFileReference; lastKnownFileType = sourcecode.swift; path = StartupCostTests.swift; sourceTree = "<group>"; };
		441BF1F4AA9371444B302FE2 /* Haptics.swift */ = {isa = PBXFileReference; lastKnownFileType = sourcecode.swift; path = Haptics.swift; sourceTree = "<group>"; };
		491C076B54B11B8D2D22332F /* WorkoutSessionTests.swift */ = {isa = PBXFileReference; lastKnownFileType = sourcecode.swift; path = WorkoutSessionTests.swift; sourceTree = "<group>"; };
		844F2B6B6459D69341159F3B /* WorkoutPlaylist.swift */ = {isa = PBXFileReference; lastKnownFileType = sourcecode.swift; path = WorkoutPlaylist.swift; sourceTree = "<group>"; };
		535A36AB8E425BDB7DE04AB0 /* MotionContactSheet.swift */ = {isa = PBXFileReference; lastKnownFileType = sourcecode.swift; path = MotionContactSheet.swift; sourceTree = "<group>"; };
		9AC85BF632D91292F825536C /* AchievementBadgeView.swift */ = {isa = PBXFileReference; lastKnownFileType = sourcecode.swift; path = AchievementBadgeView.swift; sourceTree = "<group>"; };
/* End PBXFileReference section */

/* Begin PBXGroup section */
		0354697FFCF250BB2090F8D5 /* Settings */ = {
			isa = PBXGroup;
			children = (
				E9F8581408FFFBEECE2496A1 /* SettingsView.swift */,
			);
			path = Settings;
			sourceTree = "<group>";
		};
		035CC1BD870A5DABEE5E2B3A /* Onboarding */ = {
			isa = PBXGroup;
			children = (
				F991D5668E1A543D5415BEDA /* WelcomeView.swift */,
			);
			path = Onboarding;
			sourceTree = "<group>";
		};
		13CE8A0FD3321D858C13C49A /* FastAbsTests */ = {
			isa = PBXGroup;
			children = (
				535A36AB8E425BDB7DE04AB0 /* MotionContactSheet.swift */,
				491C076B54B11B8D2D22332F /* WorkoutSessionTests.swift */,
				0753973DBB0C09D2C9E7D2D5 /* StartupCostTests.swift */,
				BC1EC70AFE07580C969DBA30 /* FigureTests.swift */,
				9965B366C27C5834E476A05C /* FrenchCopyTests.swift */,
				897F8C66C556AF9572C13734 /* ProgressVisualTests.swift */,
				D6BCFBA987EAABE0D90D22AE /* BadgeVisualTests.swift */,
				954461D436E97287C3CE12C4 /* VisualTestSupport.swift */,
				79F630FBF063613F88647C32 /* MuscleActivationTests.swift */,
				9C1CEA9B12ADFA23C0B67BDD /* MotionTempoTests.swift */,
				179AA6BCA23CF12EA0AD73E7 /* PoseSolverTests.swift */,
				76AC4E5B09C7E0217532F9B7 /* MotionSystemTests.swift */,
				0A20626BE493ACC4D55783AA /* ExerciseCatalogTests.swift */,
				3AE12B091F10DCD34CDEE8CD /* RewardsEngineTests.swift */,
				51717F755A0EFD4E1628D18A /* TestSupport.swift */,
				18DA98ABDF2289EDF4F25E8A /* WorkoutEngineTests.swift */,
				203276C2FC8588B695C4C372 /* WorkoutExperienceTests.swift */,
				05F6903DFE700E389DCCE394 /* WorkoutInvariantTests.swift */,
			);
			path = FastAbsTests;
			sourceTree = "<group>";
		};
		1FBDAA3F09E49F897AEC9751 /* Domain */ = {
			isa = PBXGroup;
			children = (
				B4FACEE0AEFD0C648395F9C3 /* ExerciseCatalog.swift */,
				1181BB055B967C5810C3367A /* WorkoutEngine.swift */,
				844F2B6B6459D69341159F3B /* WorkoutPlaylist.swift */,
				B0C8C5442F689BF42B256415 /* WorkoutModels.swift */,
			);
			path = Domain;
			sourceTree = "<group>";
		};
		248289FD3CA9AAD322EE95F8 /* App */ = {
			isa = PBXGroup;
			children = (
				FB3E1862448AD621D2598878 /* AppModel.swift */,
				FEDFCC2CA07C3E31DB9CED15 /* FastAbsApp.swift */,
				275E12EC9903298E9A163EB2 /* RootView.swift */,
			);
			path = App;
			sourceTree = "<group>";
		};
		27A51E6E1B54BCDC1318019F /* Workout */ = {
			isa = PBXGroup;
			children = (
				9D40CE65711FF19D8A88D59F /* CompletionView.swift */,
				8DF8A4C2548B1541C0F636B7 /* WorkoutSession.swift */,
				F329FC583BA138BF3A5F43AC /* WorkoutView.swift */,
			);
			path = Workout;
			sourceTree = "<group>";
		};
		352C2AB0120EE13F9B7604E5 /* Rewards */ = {
			isa = PBXGroup;
			children = (
				C9A9BC3CB7EC794833FDE9ED /* RewardsEngine.swift */,
				034675CFDDC40DD1591A0182 /* RewardsView.swift */,
				9AC85BF632D91292F825536C /* AchievementBadgeView.swift */,
			);
			path = Rewards;
			sourceTree = "<group>";
		};
		3CFEC33DF271F568AB040EF4 /* ThreeD */ = {
			isa = PBXGroup;
			children = (
				9ABD60FCE8C5457088990855 /* MuscleActivation.swift */,
				285D1A8AEBC5BF40D2BDB123 /* MotionTempo.swift */,
				741E83239F9C99822EBF20AE /* Skeleton.swift */,
				24B2ED897FF759606A68B5E6 /* MotionLibrary.swift */,
			);
			path = ThreeD;
			sourceTree = "<group>";
		};
		438AC93FF10D9B3A7F68C940 /* Progress */ = {
			isa = PBXGroup;
			children = (
				3B1900A5D40BE394CA099CBC /* ProgressView.swift */,
				FAE820AD6D7A6EEEC2322949 /* WorkoutHistoryAnalytics.swift */,
			);
			path = Progress;
			sourceTree = "<group>";
		};
		59796E05ABDA5BA57DA9B1FE = {
			isa = PBXGroup;
			children = (
				9B1891D4858817A9BBB3AF1E /* FastAbs */,
				13CE8A0FD3321D858C13C49A /* FastAbsTests */,
				6DE7CC9D7C6AB129674834FD /* Products */,
			);
			sourceTree = "<group>";
		};
		59A98D80A02D795FC8165626 /* Design */ = {
			isa = PBXGroup;
			children = (
				3FDEB5FAEC80C1A915752120 /* Theme.swift */,
			);
			path = Design;
			sourceTree = "<group>";
		};
		5FED73175762271CBE5781F5 /* Resources */ = {
			isa = PBXGroup;
			children = (
				FD04DB66037F6634929F7261 /* Assets.xcassets */,
				84AD6BC45F55225A4E00CCDC /* Info.plist */,
				521F2881C7116AD036EE6B45 /* PrivacyInfo.xcprivacy */,
			);
			path = Resources;
			sourceTree = "<group>";
		};
		60DC9944FA912F5501BE81F1 /* Today */ = {
			isa = PBXGroup;
			children = (
				02BC7BA434DE1444FDE40CDF /* CustomizationView.swift */,
				C05EC6076FC3E65EFA093649 /* TodayView.swift */,
			);
			path = Today;
			sourceTree = "<group>";
		};
		6DE7CC9D7C6AB129674834FD /* Products */ = {
			isa = PBXGroup;
			children = (
				B2BE4CF9C7F23D904AF14C88 /* FastAbs.app */,
				010472D3BCBD9B220749706A /* FastAbsTests.xctest */,
			);
			name = Products;
			sourceTree = "<group>";
		};
		83A730540D6CB2FFA861F554 /* Platform */ = {
			isa = PBXGroup;
			children = (
				BDB67B8640388D5D3B3F15A8 /* NotificationScheduler.swift */,
				3B10D7593EDB0EFA5703CCEB /* WorkoutFeedback.swift */,
				441BF1F4AA9371444B302FE2 /* Haptics.swift */,
			);
			path = Platform;
			sourceTree = "<group>";
		};
		844FA2E114E28C30C1EB73B9 /* Figure */ = {
			isa = PBXGroup;
			children = (
				097C4A678AF847A9CBFEE88E /* FigureStyle.swift */,
				3694EB6D9CA09D5E38C3A7FB /* FigureProjection.swift */,
				4656D8AFFB2CCCDD9453E3AA /* ExerciseMotionView.swift */,
			);
			path = Figure;
			sourceTree = "<group>";
		};
		9B1891D4858817A9BBB3AF1E /* FastAbs */ = {
			isa = PBXGroup;
			children = (
				248289FD3CA9AAD322EE95F8 /* App */,
				59A98D80A02D795FC8165626 /* Design */,
				1FBDAA3F09E49F897AEC9751 /* Domain */,
				F95EE48BEA6249A015018798 /* Features */,
				83A730540D6CB2FFA861F554 /* Platform */,
				5FED73175762271CBE5781F5 /* Resources */,
				844FA2E114E28C30C1EB73B9 /* Figure */,
				3CFEC33DF271F568AB040EF4 /* ThreeD */,
			);
			path = FastAbs;
			sourceTree = "<group>";
		};
		F95EE48BEA6249A015018798 /* Features */ = {
			isa = PBXGroup;
			children = (
				622550CA979571042B711460 /* Library */,
				035CC1BD870A5DABEE5E2B3A /* Onboarding */,
				438AC93FF10D9B3A7F68C940 /* Progress */,
				352C2AB0120EE13F9B7604E5 /* Rewards */,
				0354697FFCF250BB2090F8D5 /* Settings */,
				60DC9944FA912F5501BE81F1 /* Today */,
				27A51E6E1B54BCDC1318019F /* Workout */,
			);
			path = Features;
			sourceTree = "<group>";
		};
		622550CA979571042B711460 /* Library */ = {
			isa = PBXGroup;
			children = (
				DE7F36EDD389397B59B7083C /* ExerciseLibraryView.swift */,
			);
			path = Library;
			sourceTree = "<group>";
		};
/* End PBXGroup section */

/* Begin PBXNativeTarget section */
		2A765F47917EE107FF3FA8A1 /* FastAbs */ = {
			isa = PBXNativeTarget;
			buildConfigurationList = BB2525B3A6B77BF5C6921F10 /* Build configuration list for PBXNativeTarget "FastAbs" */;
			buildPhases = (
				7E3C64DF84CDB346DC2CE366 /* Sources */,
				5548D0B3E10B74723BCB95AD /* Resources */,
			);
			buildRules = (
			);
			dependencies = (
			);
			name = FastAbs;
			packageProductDependencies = (
			);
			productName = FastAbs;
			productReference = B2BE4CF9C7F23D904AF14C88 /* FastAbs.app */;
			productType = "com.apple.product-type.application";
		};
		9FABB2BE38B3892FBCF93AA4 /* FastAbsTests */ = {
			isa = PBXNativeTarget;
			buildConfigurationList = C9BF2428DB5F1A5A7C651704 /* Build configuration list for PBXNativeTarget "FastAbsTests" */;
			buildPhases = (
				246C78C1461857718999B6E8 /* Sources */,
			);
			buildRules = (
			);
			dependencies = (
				1D6706A072752646FB9B7C90 /* PBXTargetDependency */,
			);
			name = FastAbsTests;
			packageProductDependencies = (
			);
			productName = FastAbsTests;
			productReference = 010472D3BCBD9B220749706A /* FastAbsTests.xctest */;
			productType = "com.apple.product-type.bundle.unit-test";
		};
/* End PBXNativeTarget section */

/* Begin PBXProject section */
		CB5B4E8C75B46104B3A17CDB /* Project object */ = {
			isa = PBXProject;
			attributes = {
				BuildIndependentTargetsInParallel = YES;
				LastUpgradeCheck = 1430;
				TargetAttributes = {
					2A765F47917EE107FF3FA8A1 = {
						ProvisioningStyle = Automatic;
					};
					9FABB2BE38B3892FBCF93AA4 = {
						DevelopmentTeam = "";
						ProvisioningStyle = Automatic;
					};
				};
			};
			buildConfigurationList = BB2741D64CF64FE29E773E96 /* Build configuration list for PBXProject "FastAbs" */;
			developmentRegion = en;
			hasScannedForEncodings = 0;
			knownRegions = (
				Base,
				en,
			);
			mainGroup = 59796E05ABDA5BA57DA9B1FE;
			minimizedProjectReferenceProxies = 1;
			preferredProjectObjectVersion = 77;
			productRefGroup = 6DE7CC9D7C6AB129674834FD /* Products */;
			projectDirPath = "";
			projectRoot = "";
			targets = (
				2A765F47917EE107FF3FA8A1 /* FastAbs */,
				9FABB2BE38B3892FBCF93AA4 /* FastAbsTests */,
			);
		};
/* End PBXProject section */

/* Begin PBXResourcesBuildPhase section */
		5548D0B3E10B74723BCB95AD /* Resources */ = {
			isa = PBXResourcesBuildPhase;
			buildActionMask = 2147483647;
			files = (
				13DFAAB211523827673E9FC2 /* Assets.xcassets in Resources */,
				FAF33BD054D0E008D16B2038 /* PrivacyInfo.xcprivacy in Resources */,
			);
			runOnlyForDeploymentPostprocessing = 0;
		};
/* End PBXResourcesBuildPhase section */

/* Begin PBXSourcesBuildPhase section */
		246C78C1461857718999B6E8 /* Sources */ = {
			isa = PBXSourcesBuildPhase;
			buildActionMask = 2147483647;
			files = (
				4D21497470B08DC00AA27458 /* MotionContactSheet.swift in Sources */,
				0BB17402921D4E2E205E021F /* WorkoutSessionTests.swift in Sources */,
				E35145385FB6EE816709D51C /* StartupCostTests.swift in Sources */,
				22785201E224790D774E3207 /* FigureTests.swift in Sources */,
				69AA899348F99D1B9798693D /* FrenchCopyTests.swift in Sources */,
				39D031285B63221A324E1CCF /* ProgressVisualTests.swift in Sources */,
				BDEBBFB7F6E384A233EF407F /* BadgeVisualTests.swift in Sources */,
				59B58ABC4C2EB484D9CD29F7 /* VisualTestSupport.swift in Sources */,
				DD6C534A65AAC071B59DF8EE /* MuscleActivationTests.swift in Sources */,
				9F97ADCC06B11C98FE92EA08 /* MotionTempoTests.swift in Sources */,
				28BA0AD3C125A8B19C57AEC5 /* PoseSolverTests.swift in Sources */,
				E9A78D0F160B79DAD3FB1CFC /* MotionSystemTests.swift in Sources */,
				F643D4D05243E54AFB004D43 /* ExerciseCatalogTests.swift in Sources */,
				DCF6D52DF15BF11138E0801E /* RewardsEngineTests.swift in Sources */,
				2A8480EDE58F1D2C06CCDA25 /* TestSupport.swift in Sources */,
				744164288291C36F24FDC202 /* WorkoutEngineTests.swift in Sources */,
				59BC7AA6B5D7AF2B3256AFF5 /* WorkoutExperienceTests.swift in Sources */,
				95C9A867E786F99083122B5C /* WorkoutInvariantTests.swift in Sources */,
			);
			runOnlyForDeploymentPostprocessing = 0;
		};
		7E3C64DF84CDB346DC2CE366 /* Sources */ = {
			isa = PBXSourcesBuildPhase;
			buildActionMask = 2147483647;
			files = (
				87661A525B671A91926699D1 /* ExerciseLibraryView.swift in Sources */,
				B9840D7E7366637451623833 /* ExerciseMotionView.swift in Sources */,
				37DC5E5F776125649179258F /* FigureProjection.swift in Sources */,
				7089B01232D00F32C25C60FB /* FigureStyle.swift in Sources */,
				C03FDA1B3FE73A2A7EFF799B /* MuscleActivation.swift in Sources */,
				BB30C1EAB44BAEA64EEC22C6 /* MotionTempo.swift in Sources */,
				B90A6D6D25BEB100EFE8AE3A /* Skeleton.swift in Sources */,
				BE4AA46D5C26B142027E9D8C /* AppModel.swift in Sources */,
				9B90D702CE99EC32DCAC5216 /* CompletionView.swift in Sources */,
				ECB68F0E806FFCDBEB036930 /* CustomizationView.swift in Sources */,
				C3301734709FDD103A0FF93B /* ExerciseCatalog.swift in Sources */,
				54A6FD16007114F11E341AA9 /* FastAbsApp.swift in Sources */,
				815C639D3BAFB8017E7852A6 /* MotionLibrary.swift in Sources */,
				300AF008AB32927D1187AC5A /* NotificationScheduler.swift in Sources */,
				A0D73DAAEE4F04E7D73F1577 /* ProgressView.swift in Sources */,
				62BEDAE709884FCC61B8E5E6 /* RewardsEngine.swift in Sources */,
				B1EAAA2A1EF8EF0B6DDFB25A /* RewardsView.swift in Sources */,
				592D5C24A66F44869D6E826B /* AchievementBadgeView.swift in Sources */,
				249486058AFA91D9691DEC64 /* RootView.swift in Sources */,
				9FC8B013DD3C5F2C852DBE98 /* SettingsView.swift in Sources */,
				ED6E61206617B2A2B90A918F /* Theme.swift in Sources */,
				FABD6932895309147510F632 /* TodayView.swift in Sources */,
				18B45D4F51DF46A80079A4E3 /* WelcomeView.swift in Sources */,
				830D86021B614EC722B454AE /* WorkoutEngine.swift in Sources */,
				B477EB95263CD355DBC14427 /* WorkoutFeedback.swift in Sources */,
				8DB54D4A59BF8516BF6C7248 /* WorkoutPlaylist.swift in Sources */,
				9DF9856D105DE309FC16349C /* Haptics.swift in Sources */,
				9F3C8930C77C202AD1792B16 /* WorkoutHistoryAnalytics.swift in Sources */,
				0775B37D4B46E83D18A305E4 /* WorkoutModels.swift in Sources */,
				FF9099FFE2CF7FF2CEE9B3B0 /* WorkoutSession.swift in Sources */,
				D17886C8EA90F1336A3F3D63 /* WorkoutView.swift in Sources */,
			);
			runOnlyForDeploymentPostprocessing = 0;
		};
/* End PBXSourcesBuildPhase section */

/* Begin PBXTargetDependency section */
		1D6706A072752646FB9B7C90 /* PBXTargetDependency */ = {
			isa = PBXTargetDependency;
			target = 2A765F47917EE107FF3FA8A1 /* FastAbs */;
			targetProxy = 829278F386F0CE8CC76B06D4 /* PBXContainerItemProxy */;
		};
/* End PBXTargetDependency section */

/* Begin XCBuildConfiguration section */
		465E64F07651F5BD6DD6BB38 /* Debug */ = {
			isa = XCBuildConfiguration;
			buildSettings = {
				ASSETCATALOG_COMPILER_APPICON_NAME = AppIcon;
				CODE_SIGN_IDENTITY = "iPhone Developer";
				DEVELOPMENT_TEAM = 6CKW3H4LJV;
				INFOPLIST_FILE = FastAbs/Resources/Info.plist;
				LD_RUNPATH_SEARCH_PATHS = (
					"$(inherited)",
					"@executable_path/Frameworks",
				);
				PRODUCT_BUNDLE_IDENTIFIER = com.alexandreverhoye.FastAbs;
				PRODUCT_NAME = FastAbs;
				SDKROOT = iphoneos;
				SUPPORTS_MACCATALYST = NO;
				TARGETED_DEVICE_FAMILY = 1;
			};
			name = Debug;
		};
		5C497A4D52B8F574C58896D0 /* Debug */ = {
			isa = XCBuildConfiguration;
			buildSettings = {
				BUNDLE_LOADER = "$(TEST_HOST)";
				GENERATE_INFOPLIST_FILE = YES;
				LD_RUNPATH_SEARCH_PATHS = (
					"$(inherited)",
					"@executable_path/Frameworks",
					"@loader_path/Frameworks",
				);
				PRODUCT_BUNDLE_IDENTIFIER = com.alexandreverhoye.FastAbsTests;
				SDKROOT = iphoneos;
				TARGETED_DEVICE_FAMILY = "1,2";
				TEST_HOST = "$(BUILT_PRODUCTS_DIR)/FastAbs.app/FastAbs";
			};
			name = Debug;
		};
		5E89C2187B913056326867B5 /* Debug */ = {
			isa = XCBuildConfiguration;
			buildSettings = {
				ALWAYS_SEARCH_USER_PATHS = NO;
				ASSETCATALOG_COMPILER_GLOBAL_ACCENT_COLOR_NAME = AccentColor;
				CLANG_ANALYZER_NONNULL = YES;
				CLANG_ANALYZER_NUMBER_OBJECT_CONVERSION = YES_AGGRESSIVE;
				CLANG_CXX_LANGUAGE_STANDARD = "gnu++14";
				CLANG_CXX_LIBRARY = "libc++";
				CLANG_ENABLE_MODULES = YES;
				CLANG_ENABLE_OBJC_ARC = YES;
				CLANG_ENABLE_OBJC_WEAK = YES;
				CLANG_WARN_BLOCK_CAPTURE_AUTORELEASING = YES;
				CLANG_WARN_BOOL_CONVERSION = YES;
				CLANG_WARN_COMMA = YES;
				CLANG_WARN_CONSTANT_CONVERSION = YES;
				CLANG_WARN_DEPRECATED_OBJC_IMPLEMENTATIONS = YES;
				CLANG_WARN_DIRECT_OBJC_ISA_USAGE = YES_ERROR;
				CLANG_WARN_DOCUMENTATION_COMMENTS = YES;
				CLANG_WARN_EMPTY_BODY = YES;
				CLANG_WARN_ENUM_CONVERSION = YES;
				CLANG_WARN_INFINITE_RECURSION = YES;
				CLANG_WARN_INT_CONVERSION = YES;
				CLANG_WARN_NON_LITERAL_NULL_CONVERSION = YES;
				CLANG_WARN_OBJC_IMPLICIT_RETAIN_SELF = YES;
				CLANG_WARN_OBJC_LITERAL_CONVERSION = YES;
				CLANG_WARN_OBJC_ROOT_CLASS = YES_ERROR;
				CLANG_WARN_QUOTED_INCLUDE_IN_FRAMEWORK_HEADER = YES;
				CLANG_WARN_RANGE_LOOP_ANALYSIS = YES;
				CLANG_WARN_STRICT_PROTOTYPES = YES;
				CLANG_WARN_SUSPICIOUS_MOVE = YES;
				CLANG_WARN_UNGUARDED_AVAILABILITY = YES_AGGRESSIVE;
				CLANG_WARN_UNREACHABLE_CODE = YES;
				CLANG_WARN__DUPLICATE_METHOD_MATCH = YES;
				CODE_SIGN_STYLE = Automatic;
				COPY_PHASE_STRIP = NO;
				CURRENT_PROJECT_VERSION = 1;
				DEBUG_INFORMATION_FORMAT = dwarf;
				DEVELOPMENT_TEAM = "";
				ENABLE_STRICT_OBJC_MSGSEND = YES;
				ENABLE_TESTABILITY = YES;
				ENABLE_USER_SCRIPT_SANDBOXING = YES;
				GCC_C_LANGUAGE_STANDARD = gnu11;
				GCC_DYNAMIC_NO_PIC = NO;
				GCC_NO_COMMON_BLOCKS = YES;
				GCC_OPTIMIZATION_LEVEL = 0;
				GCC_PREPROCESSOR_DEFINITIONS = (
					"$(inherited)",
					"DEBUG=1",
				);
				GCC_WARN_64_TO_32_BIT_CONVERSION = YES;
				GCC_WARN_ABOUT_RETURN_TYPE = YES_ERROR;
				GCC_WARN_UNDECLARED_SELECTOR = YES;
				GCC_WARN_UNINITIALIZED_AUTOS = YES_AGGRESSIVE;
				GCC_WARN_UNUSED_FUNCTION = YES;
				GCC_WARN_UNUSED_VARIABLE = YES;
				IPHONEOS_DEPLOYMENT_TARGET = 17.0;
				MARKETING_VERSION = 1.0.0;
				MTL_ENABLE_DEBUG_INFO = INCLUDE_SOURCE;
				MTL_FAST_MATH = YES;
				ONLY_ACTIVE_ARCH = YES;
				PRODUCT_NAME = "$(TARGET_NAME)";
				SDKROOT = iphoneos;
				SWIFT_ACTIVE_COMPILATION_CONDITIONS = DEBUG;
				SWIFT_OPTIMIZATION_LEVEL = "-Onone";
				SWIFT_VERSION = 6.0;
			};
			name = Debug;
		};
		64AC3A7DC5FA2153FD61601E /* Release */ = {
			isa = XCBuildConfiguration;
			buildSettings = {
				BUNDLE_LOADER = "$(TEST_HOST)";
				GENERATE_INFOPLIST_FILE = YES;
				LD_RUNPATH_SEARCH_PATHS = (
					"$(inherited)",
					"@executable_path/Frameworks",
					"@loader_path/Frameworks",
				);
				PRODUCT_BUNDLE_IDENTIFIER = com.alexandreverhoye.FastAbsTests;
				SDKROOT = iphoneos;
				TARGETED_DEVICE_FAMILY = "1,2";
				TEST_HOST = "$(BUILT_PRODUCTS_DIR)/FastAbs.app/FastAbs";
			};
			name = Release;
		};
		9526F1FEC38C082F37C577FD /* Release */ = {
			isa = XCBuildConfiguration;
			buildSettings = {
				ASSETCATALOG_COMPILER_APPICON_NAME = AppIcon;
				CODE_SIGN_IDENTITY = "iPhone Developer";
				DEVELOPMENT_TEAM = 6CKW3H4LJV;
				INFOPLIST_FILE = FastAbs/Resources/Info.plist;
				LD_RUNPATH_SEARCH_PATHS = (
					"$(inherited)",
					"@executable_path/Frameworks",
				);
				PRODUCT_BUNDLE_IDENTIFIER = com.alexandreverhoye.FastAbs;
				PRODUCT_NAME = FastAbs;
				SDKROOT = iphoneos;
				SUPPORTS_MACCATALYST = NO;
				TARGETED_DEVICE_FAMILY = 1;
			};
			name = Release;
		};
		C295F59365E8AC8E5D4EEA70 /* Release */ = {
			isa = XCBuildConfiguration;
			buildSettings = {
				ALWAYS_SEARCH_USER_PATHS = NO;
				ASSETCATALOG_COMPILER_GLOBAL_ACCENT_COLOR_NAME = AccentColor;
				CLANG_ANALYZER_NONNULL = YES;
				CLANG_ANALYZER_NUMBER_OBJECT_CONVERSION = YES_AGGRESSIVE;
				CLANG_CXX_LANGUAGE_STANDARD = "gnu++14";
				CLANG_CXX_LIBRARY = "libc++";
				CLANG_ENABLE_MODULES = YES;
				CLANG_ENABLE_OBJC_ARC = YES;
				CLANG_ENABLE_OBJC_WEAK = YES;
				CLANG_WARN_BLOCK_CAPTURE_AUTORELEASING = YES;
				CLANG_WARN_BOOL_CONVERSION = YES;
				CLANG_WARN_COMMA = YES;
				CLANG_WARN_CONSTANT_CONVERSION = YES;
				CLANG_WARN_DEPRECATED_OBJC_IMPLEMENTATIONS = YES;
				CLANG_WARN_DIRECT_OBJC_ISA_USAGE = YES_ERROR;
				CLANG_WARN_DOCUMENTATION_COMMENTS = YES;
				CLANG_WARN_EMPTY_BODY = YES;
				CLANG_WARN_ENUM_CONVERSION = YES;
				CLANG_WARN_INFINITE_RECURSION = YES;
				CLANG_WARN_INT_CONVERSION = YES;
				CLANG_WARN_NON_LITERAL_NULL_CONVERSION = YES;
				CLANG_WARN_OBJC_IMPLICIT_RETAIN_SELF = YES;
				CLANG_WARN_OBJC_LITERAL_CONVERSION = YES;
				CLANG_WARN_OBJC_ROOT_CLASS = YES_ERROR;
				CLANG_WARN_QUOTED_INCLUDE_IN_FRAMEWORK_HEADER = YES;
				CLANG_WARN_RANGE_LOOP_ANALYSIS = YES;
				CLANG_WARN_STRICT_PROTOTYPES = YES;
				CLANG_WARN_SUSPICIOUS_MOVE = YES;
				CLANG_WARN_UNGUARDED_AVAILABILITY = YES_AGGRESSIVE;
				CLANG_WARN_UNREACHABLE_CODE = YES;
				CLANG_WARN__DUPLICATE_METHOD_MATCH = YES;
				CODE_SIGN_STYLE = Automatic;
				COPY_PHASE_STRIP = NO;
				CURRENT_PROJECT_VERSION = 1;
				DEBUG_INFORMATION_FORMAT = "dwarf-with-dsym";
				DEVELOPMENT_TEAM = "";
				ENABLE_NS_ASSERTIONS = NO;
				ENABLE_STRICT_OBJC_MSGSEND = YES;
				ENABLE_USER_SCRIPT_SANDBOXING = YES;
				GCC_C_LANGUAGE_STANDARD = gnu11;
				GCC_NO_COMMON_BLOCKS = YES;
				GCC_WARN_64_TO_32_BIT_CONVERSION = YES;
				GCC_WARN_ABOUT_RETURN_TYPE = YES_ERROR;
				GCC_WARN_UNDECLARED_SELECTOR = YES;
				GCC_WARN_UNINITIALIZED_AUTOS = YES_AGGRESSIVE;
				GCC_WARN_UNUSED_FUNCTION = YES;
				GCC_WARN_UNUSED_VARIABLE = YES;
				IPHONEOS_DEPLOYMENT_TARGET = 17.0;
				MARKETING_VERSION = 1.0.0;
				MTL_ENABLE_DEBUG_INFO = NO;
				MTL_FAST_MATH = YES;
				PRODUCT_NAME = "$(TARGET_NAME)";
				SDKROOT = iphoneos;
				SWIFT_COMPILATION_MODE = wholemodule;
				SWIFT_OPTIMIZATION_LEVEL = "-O";
				SWIFT_VERSION = 6.0;
			};
			name = Release;
		};
/* End XCBuildConfiguration section */

/* Begin XCConfigurationList section */
		BB2525B3A6B77BF5C6921F10 /* Build configuration list for PBXNativeTarget "FastAbs" */ = {
			isa = XCConfigurationList;
			buildConfigurations = (
				465E64F07651F5BD6DD6BB38 /* Debug */,
				9526F1FEC38C082F37C577FD /* Release */,
			);
			defaultConfigurationIsVisible = 0;
			defaultConfigurationName = Debug;
		};
		BB2741D64CF64FE29E773E96 /* Build configuration list for PBXProject "FastAbs" */ = {
			isa = XCConfigurationList;
			buildConfigurations = (
				5E89C2187B913056326867B5 /* Debug */,
				C295F59365E8AC8E5D4EEA70 /* Release */,
			);
			defaultConfigurationIsVisible = 0;
			defaultConfigurationName = Debug;
		};
		C9BF2428DB5F1A5A7C651704 /* Build configuration list for PBXNativeTarget "FastAbsTests" */ = {
			isa = XCConfigurationList;
			buildConfigurations = (
				5C497A4D52B8F574C58896D0 /* Debug */,
				64AC3A7DC5FA2153FD61601E /* Release */,
			);
			defaultConfigurationIsVisible = 0;
			defaultConfigurationName = Debug;
		};
/* End XCConfigurationList section */
	};
	rootObject = CB5B4E8C75B46104B3A17CDB /* Project object */;
}
